
Microsoft Visual Studio Solution File, Format Version 12.00
# Visual Studio Version 17
VisualStudioVersion = 17.5.33414.496
MinimumVisualStudioVersion = 10.0.40219.1
Project("{FAE04EC0-301F-11D3-BF4B-00C04F79EFBC}") = "OverloadMethodProject", "OverloadMethodProject\OverloadMethodProject.csproj", "{0B1EB8EF-DD4A-4C3D-AA48-CA787D1DA911}"
EndProject
Global
	GlobalSection(SolutionConfigurationPlatforms) = preSolution
		Debug|Any CPU = Debug|Any CPU
		Release|Any CPU = Release|Any CPU
	EndGlobalSection
	GlobalSection(ProjectConfigurationPlatforms) = postSolution
		{0B1EB8EF-DD4A-4C3D-AA48-CA787D1DA911}.Debug|Any CPU.ActiveCfg = Debug|Any CPU
		{0B1EB8EF-DD4A-4C3D-AA48-CA787D1DA911}.Debug|Any CPU.Build.0 = Debug|Any CPU
		{0B1EB8EF-DD4A-4C3D-AA48-CA787D1DA911}.Release|Any CPU.ActiveCfg = Release|Any CPU
		{0B1EB8EF-DD4A-4C3D-AA48-CA787D1DA911}.Release|Any CPU.Build.0 = Release|Any CPU
	EndGlobalSection
	GlobalSection(SolutionProperties) = preSolution
		HideSolutionNode = FALSE
	EndGlobalSection
	GlobalSection(ExtensibilityGlobals) = postSolution
		SolutionGuid = {46CCECFC-37BA-4ACF-B0FD-6DE00548CC8E}
	EndGlobalSection
EndGlobal
