
Microsoft Visual Studio Solution File, Format Version 12.00
# Visual Studio Version 17
VisualStudioVersion = 17.5.33414.496
MinimumVisualStudioVersion = 10.0.40219.1
Project("{FAE04EC0-301F-11D3-BF4B-00C04F79EFBC}") = "DemoProject", "DemoProject\DemoProject.csproj", "{BB999ECE-F120-477C-AD31-BD1D4033776E}"
EndProject
Global
	GlobalSection(SolutionConfigurationPlatforms) = preSolution
		Debug|Any CPU = Debug|Any CPU
		Release|Any CPU = Release|Any CPU
	EndGlobalSection
	GlobalSection(ProjectConfigurationPlatforms) = postSolution
		{BB999ECE-F120-477C-AD31-BD1D4033776E}.Debug|Any CPU.ActiveCfg = Debug|Any CPU
		{BB999ECE-F120-477C-AD31-BD1D4033776E}.Debug|Any CPU.Build.0 = Debug|Any CPU
		{BB999ECE-F120-477C-AD31-BD1D4033776E}.Release|Any CPU.ActiveCfg = Release|Any CPU
		{BB999ECE-F120-477C-AD31-BD1D4033776E}.Release|Any CPU.Build.0 = Release|Any CPU
	EndGlobalSection
	GlobalSection(SolutionProperties) = preSolution
		HideSolutionNode = FALSE
	EndGlobalSection
	GlobalSection(ExtensibilityGlobals) = postSolution
		SolutionGuid = {6803BE4F-21DE-409C-8FA8-C09997AD0546}
	EndGlobalSection
EndGlobal
