
Microsoft Visual Studio Solution File, Format Version 12.00
# Visual Studio Version 17
VisualStudioVersion = 17.5.33414.496
MinimumVisualStudioVersion = 10.0.40219.1
Project("{FAE04EC0-301F-11D3-BF4B-00C04F79EFBC}") = "AccessDemo1", "AccessDemo1\AccessDemo1.csproj", "{8DC70C93-D1DD-44FF-A7C4-515F34D4AEE9}"
EndProject
Project("{FAE04EC0-301F-11D3-BF4B-00C04F79EFBC}") = "AccessDemo2", "AccessDemo2\AccessDemo2.csproj", "{FF9C4270-1143-405C-A205-9761302BD662}"
EndProject
Global
	GlobalSection(SolutionConfigurationPlatforms) = preSolution
		Debug|Any CPU = Debug|Any CPU
		Release|Any CPU = Release|Any CPU
	EndGlobalSection
	GlobalSection(ProjectConfigurationPlatforms) = postSolution
		{8DC70C93-D1DD-44FF-A7C4-515F34D4AEE9}.Debug|Any CPU.ActiveCfg = Debug|Any CPU
		{8DC70C93-D1DD-44FF-A7C4-515F34D4AEE9}.Debug|Any CPU.Build.0 = Debug|Any CPU
		{8DC70C93-D1DD-44FF-A7C4-515F34D4AEE9}.Release|Any CPU.ActiveCfg = Release|Any CPU
		{8DC70C93-D1DD-44FF-A7C4-515F34D4AEE9}.Release|Any CPU.Build.0 = Release|Any CPU
		{FF9C4270-1143-405C-A205-9761302BD662}.Debug|Any CPU.ActiveCfg = Debug|Any CPU
		{FF9C4270-1143-405C-A205-9761302BD662}.Debug|Any CPU.Build.0 = Debug|Any CPU
		{FF9C4270-1143-405C-A205-9761302BD662}.Release|Any CPU.ActiveCfg = Release|Any CPU
		{FF9C4270-1143-405C-A205-9761302BD662}.Release|Any CPU.Build.0 = Release|Any CPU
	EndGlobalSection
	GlobalSection(SolutionProperties) = preSolution
		HideSolutionNode = FALSE
	EndGlobalSection
	GlobalSection(ExtensibilityGlobals) = postSolution
		SolutionGuid = {F3DDAC47-884C-4B33-A539-EC6633B96DAD}
	EndGlobalSection
EndGlobal
